
Microsoft Visual Studio Solution File, Format Version 12.00
# Visual Studio Version 16
VisualStudioVersion = 16.0.29306.81
MinimumVisualStudioVersion = 10.0.40219.1
Project("{FAE04EC0-301F-11D3-BF4B-00C04F79EFBC}") = "SerialGenerator", "Assignment1\SerialGenerator.csproj", "{A6D22FB1-BCA7-4E65-974A-ABA3D4A9ECEC}"
EndProject
Global
	GlobalSection(SolutionConfigurationPlatforms) = preSolution
		Debug|Any CPU = Debug|Any CPU
		Release|Any CPU = Release|Any CPU
	EndGlobalSection
	GlobalSection(ProjectConfigurationPlatforms) = postSolution
		{A6D22FB1-BCA7-4E65-974A-ABA3D4A9ECEC}.Debug|Any CPU.ActiveCfg = Debug|Any CPU
		{A6D22FB1-BCA7-4E65-974A-ABA3D4A9ECEC}.Debug|Any CPU.Build.0 = Debug|Any CPU
		{A6D22FB1-BCA7-4E65-974A-ABA3D4A9ECEC}.Release|Any CPU.ActiveCfg = Release|Any CPU
		{A6D22FB1-BCA7-4E65-974A-ABA3D4A9ECEC}.Release|Any CPU.Build.0 = Release|Any CPU
	EndGlobalSection
	GlobalSection(SolutionProperties) = preSolution
		HideSolutionNode = FALSE
	EndGlobalSection
	GlobalSection(ExtensibilityGlobals) = postSolution
		SolutionGuid = {8C4685EB-D56A-4217-8B60-F1AE2BF22F83}
	EndGlobalSection
EndGlobal
